{
  "name": "hyphenation.{language}",
  "version": "0.2.1",
  "lockfileVersion": 3,
  "requires": true,
  "packages": {
    "": {
      "name": "hyphenation.{language}",
      "version": "0.2.1",
      "dependencies": {
        "hypher": "github:mlengse/hypher#941c08e7384cf5c0d72f4febfdfb1e93abbf3644"
      }
    },
    "node_modules/hypher": {
      "version": "0.2.5",
      "resolved": "git+ssh://git@github.com/mlengse/hypher.git#941c08e7384cf5c0d72f4febfdfb1e93abbf3644",
      "license": "BSD-3-Clause",
      "engines": {
        "node": ">=4"
      }
    }
  }
}
