{
  "name": "hyphenation.{language}",
  "version": "0.2.1",
  "lockfileVersion": 3,
  "requires": true,
  "packages": {
    "": {
      "name": "hyphenation.{language}",
      "version": "0.2.1",
      "dependencies": {
        "hypher": "github:mlengse/hypher#a336187de24260b11749d1caf6c6903d4f5d9a62"
      }
    },
    "node_modules/hypher": {
      "version": "0.2.5",
      "resolved": "git+ssh://git@github.com/mlengse/hypher.git#a336187de24260b11749d1caf6c6903d4f5d9a62",
      "license": "BSD-3-Clause",
      "engines": {
        "node": ">=4"
      }
    }
  }
}
